// !$*UTF8*$!
{
	archiveVersion = 1;
	classes = {
	};
	objectVersion = 46;
	objects = {

/* Begin PBXBuildFile section */
		370D9E211EC81E8600FD9514 /* HttpTool.m in Sources */ = {isa = PBXBuildFile; fileRef = 370D9E1E1EC81E8600FD9514 /* HttpTool.m */; };
		370D9E221EC81E8600FD9514 /* UIImageView+SDWebImage.m in Sources */ = {isa = PBXBuildFile; fileRef = 370D9E201EC81E8600FD9514 /* UIImageView+SDWebImage.m */; };
		370D9E251EC8208900FD9514 /* LiveBaseHandler.m in Sources */ = {isa = PBXBuildFile; fileRef = 370D9E241EC8208900FD9514 /* LiveBaseHandler.m */; };
		370D9E281EC8215C00FD9514 /* LiveLiveHandler.m in Sources */ = {isa = PBXBuildFile; fileRef = 370D9E271EC8215C00FD9514 /* LiveLiveHandler.m */; };
		378C39F31EC8284400661396 /* LiveLiew.m in Sources */ = {isa = PBXBuildFile; fileRef = 378C39F21EC8284400661396 /* LiveLiew.m */; };
		378C39F81EC843FD00661396 /* AVFoundation.framework in Frameworks */ = {isa = PBXBuildFile; fileRef = 378C39F71EC843FD00661396 /* AVFoundation.framework */; };
		378C39FA1EC8449100661396 /* AudioToolbox.framework in Frameworks */ = {isa = PBXBuildFile; fileRef = 378C39F91EC8449100661396 /* AudioToolbox.framework */; };
		378C39FC1EC8449D00661396 /* CoreGraphics.framework in Frameworks */ = {isa = PBXBuildFile; fileRef = 378C39FB1EC8449D00661396 /* CoreGraphics.framework */; };
		378C39FE1EC844A600661396 /* CoreMedia.framework in Frameworks */ = {isa = PBXBuildFile; fileRef = 378C39FD1EC844A600661396 /* CoreMedia.framework */; };
		378C3A001EC844AD00661396 /* CoreVideo.framework in Frameworks */ = {isa = PBXBuildFile; fileRef = 378C39FF1EC844AD00661396 /* CoreVideo.framework */; };
		378C3A021EC844B800661396 /* libbz2.tbd in Frameworks */ = {isa = PBXBuildFile; fileRef = 378C3A011EC844B800661396 /* libbz2.tbd */; };
		378C3A041EC844BF00661396 /* libz.tbd in Frameworks */ = {isa = PBXBuildFile; fileRef = 378C3A031EC844BF00661396 /* libz.tbd */; };
		378C3A061EC844CB00661396 /* MediaPlayer.framework in Frameworks */ = {isa = PBXBuildFile; fileRef = 378C3A051EC844CB00661396 /* MediaPlayer.framework */; };
		378C3A081EC844E000661396 /* MobileCoreServices.framework in Frameworks */ = {isa = PBXBuildFile; fileRef = 378C3A071EC844E000661396 /* MobileCoreServices.framework */; };
		378C3A0A1EC844E800661396 /* OpenGLES.framework in Frameworks */ = {isa = PBXBuildFile; fileRef = 378C3A091EC844E800661396 /* OpenGLES.framework */; };
		378C3A0C1EC844F000661396 /* QuartzCore.framework in Frameworks */ = {isa = PBXBuildFile; fileRef = 378C3A0B1EC844F000661396 /* QuartzCore.framework */; };
		378C3A101EC8450200661396 /* VideoToolbox.framework in Frameworks */ = {isa = PBXBuildFile; fileRef = 378C3A0F1EC8450200661396 /* VideoToolbox.framework */; };
		378C3A131EC845D200661396 /* LivePlayerViewController.m in Sources */ = {isa = PBXBuildFile; fileRef = 378C3A121EC845D200661396 /* LivePlayerViewController.m */; };
		378C3A1E1EC8508E00661396 /* IJKMediaFramework.framework in Frameworks */ = {isa = PBXBuildFile; fileRef = 378C3A1D1EC8508E00661396 /* IJKMediaFramework.framework */; };
		378C3A221EC85AD400661396 /* LiveLiveChatViewController.m in Sources */ = {isa = PBXBuildFile; fileRef = 378C3A201EC85AD400661396 /* LiveLiveChatViewController.m */; };
		378C3A231EC85AD400661396 /* LiveLiveChatViewController.xib in Resources */ = {isa = PBXBuildFile; fileRef = 378C3A211EC85AD400661396 /* LiveLiveChatViewController.xib */; };
		378C3A281EC8667C00661396 /* NSString+CachePath.m in Sources */ = {isa = PBXBuildFile; fileRef = 378C3A251EC8667C00661396 /* NSString+CachePath.m */; };
		378C3A291EC8667C00661396 /* UIColor+HEX.m in Sources */ = {isa = PBXBuildFile; fileRef = 378C3A271EC8667C00661396 /* UIColor+HEX.m */; };
		378C3A2E1EC8669900661396 /* SXTCacheHelper.m in Sources */ = {isa = PBXBuildFile; fileRef = 378C3A2B1EC8669900661396 /* SXTCacheHelper.m */; };
		378C3A2F1EC8669900661396 /* SXTUserHelper.m in Sources */ = {isa = PBXBuildFile; fileRef = 378C3A2D1EC8669900661396 /* SXTUserHelper.m */; };
		378C3A351EC8672800661396 /* LiveLocationManager.m in Sources */ = {isa = PBXBuildFile; fileRef = 378C3A341EC8672800661396 /* LiveLocationManager.m */; };
		378C3A371EC867A200661396 /* CoreLocation.framework in Frameworks */ = {isa = PBXBuildFile; fileRef = 378C3A361EC867A200661396 /* CoreLocation.framework */; };
		378C3A3A1EC872E300661396 /* LiveCreator.m in Sources */ = {isa = PBXBuildFile; fileRef = 378C3A391EC872E300661396 /* LiveCreator.m */; };
		378C3A3D1EC8733400661396 /* SXTAdvertise.m in Sources */ = {isa = PBXBuildFile; fileRef = 378C3A3C1EC8733400661396 /* SXTAdvertise.m */; };
		378C3A411EC8743D00661396 /* LiveNearCollectionViewCell.m in Sources */ = {isa = PBXBuildFile; fileRef = 378C3A3F1EC8743D00661396 /* LiveNearCollectionViewCell.m */; };
		378C3A421EC8743D00661396 /* LiveNearCollectionViewCell.xib in Resources */ = {isa = PBXBuildFile; fileRef = 378C3A401EC8743D00661396 /* LiveNearCollectionViewCell.xib */; };
		378C3A451EC87C0800661396 /* LiveAdvertisView.m in Sources */ = {isa = PBXBuildFile; fileRef = 378C3A441EC87C0800661396 /* LiveAdvertisView.m */; };
		378C3A471EC87C1B00661396 /* LiveAdvertisView.xib in Resources */ = {isa = PBXBuildFile; fileRef = 378C3A461EC87C1B00661396 /* LiveAdvertisView.xib */; };
		378C3A501EC897E500661396 /* LFLivePreview.m in Sources */ = {isa = PBXBuildFile; fileRef = 378C3A4F1EC897E500661396 /* LFLivePreview.m */; };
		378C3A5B1EC899E400661396 /* camra_beauty@2x.png in Resources */ = {isa = PBXBuildFile; fileRef = 378C3A521EC899E400661396 /* camra_beauty@2x.png */; };
		378C3A5C1EC899E400661396 /* camra_beauty@3x.png in Resources */ = {isa = PBXBuildFile; fileRef = 378C3A531EC899E400661396 /* camra_beauty@3x.png */; };
		378C3A5D1EC899E400661396 /* camra_beauty_close@2x.png in Resources */ = {isa = PBXBuildFile; fileRef = 378C3A541EC899E400661396 /* camra_beauty_close@2x.png */; };
		378C3A5E1EC899E400661396 /* camra_beauty_close@3x.png in Resources */ = {isa = PBXBuildFile; fileRef = 378C3A551EC899E400661396 /* camra_beauty_close@3x.png */; };
		378C3A5F1EC899E400661396 /* camra_preview@2x.png in Resources */ = {isa = PBXBuildFile; fileRef = 378C3A561EC899E400661396 /* camra_preview@2x.png */; };
		378C3A601EC899E400661396 /* camra_preview@3x.png in Resources */ = {isa = PBXBuildFile; fileRef = 378C3A571EC899E400661396 /* camra_preview@3x.png */; };
		378C3A611EC899E400661396 /* close_preview@2x.png in Resources */ = {isa = PBXBuildFile; fileRef = 378C3A581EC899E400661396 /* close_preview@2x.png */; };
		378C3A621EC899E400661396 /* close_preview@3x.png in Resources */ = {isa = PBXBuildFile; fileRef = 378C3A591EC899E400661396 /* close_preview@3x.png */; };
		378C3A631EC899E400661396 /* ios-29x29.png in Resources */ = {isa = PBXBuildFile; fileRef = 378C3A5A1EC899E400661396 /* ios-29x29.png */; };
		378C3A671EC89C4900661396 /* LiveloginViewController.m in Sources */ = {isa = PBXBuildFile; fileRef = 378C3A651EC89C4900661396 /* LiveloginViewController.m */; };
		378C3A681EC89C4900661396 /* LiveloginViewController.xib in Resources */ = {isa = PBXBuildFile; fileRef = 378C3A661EC89C4900661396 /* LiveloginViewController.xib */; };
		378C3A951EC89F7900661396 /* UMSocialLocalizable.strings in Resources */ = {isa = PBXBuildFile; fileRef = 378C3A6A1EC89F7900661396 /* UMSocialLocalizable.strings */; };
		378C3A961EC89F7900661396 /* libUMSocial_Sdk_5.2.1.a in Frameworks */ = {isa = PBXBuildFile; fileRef = 378C3A781EC89F7900661396 /* libUMSocial_Sdk_5.2.1.a */; };
		378C3A971EC89F7900661396 /* UMSCommentDetailController.xib in Resources */ = {isa = PBXBuildFile; fileRef = 378C3A7A1EC89F7900661396 /* UMSCommentDetailController.xib */; };
		378C3A981EC89F7900661396 /* UMSCommentInputController.xib in Resources */ = {isa = PBXBuildFile; fileRef = 378C3A7B1EC89F7900661396 /* UMSCommentInputController.xib */; };
		378C3A991EC89F7900661396 /* UMSCommentInputControlleriPad.xib in Resources */ = {isa = PBXBuildFile; fileRef = 378C3A7C1EC89F7900661396 /* UMSCommentInputControlleriPad.xib */; };
		378C3A9A1EC89F7900661396 /* UMShareEditViewController.xib in Resources */ = {isa = PBXBuildFile; fileRef = 378C3A7D1EC89F7900661396 /* UMShareEditViewController.xib */; };
		378C3A9B1EC89F7900661396 /* UMShareEditViewControlleriPad.xib in Resources */ = {isa = PBXBuildFile; fileRef = 378C3A7E1EC89F7900661396 /* UMShareEditViewControlleriPad.xib */; };
		378C3A9C1EC89F7900661396 /* UMSLoginViewController.xib in Resources */ = {isa = PBXBuildFile; fileRef = 378C3A7F1EC89F7900661396 /* UMSLoginViewController.xib */; };
		378C3A9D1EC89F7900661396 /* UMSnsAccountViewController.xib in Resources */ = {isa = PBXBuildFile; fileRef = 378C3A801EC89F7900661396 /* UMSnsAccountViewController.xib */; };
		378C3A9E1EC89F7900661396 /* UMSShareListController.xib in Resources */ = {isa = PBXBuildFile; fileRef = 378C3A811EC89F7900661396 /* UMSShareListController.xib */; };
		378C3A9F1EC89F7900661396 /* UMSocialSDKResourcesNew.bundle in Resources */ = {isa = PBXBuildFile; fileRef = 378C3A821EC89F7900661396 /* UMSocialSDKResourcesNew.bundle */; };
		378C3AA01EC89F7900661396 /* libSocialSinaSSO.a in Frameworks */ = {isa = PBXBuildFile; fileRef = 378C3A861EC89F7900661396 /* libSocialSinaSSO.a */; };
		378C3AA11EC89F7900661396 /* libWeiboSDK.a in Frameworks */ = {isa = PBXBuildFile; fileRef = 378C3A871EC89F7900661396 /* libWeiboSDK.a */; };
		378C3AA21EC89F7900661396 /* WeiboSDK.bundle in Resources */ = {isa = PBXBuildFile; fileRef = 378C3A921EC89F7900661396 /* WeiboSDK.bundle */; };
		378C3AA51EC89FB800661396 /* AppDelegate+SXTUMeung.m in Sources */ = {isa = PBXBuildFile; fileRef = 378C3AA41EC89FB800661396 /* AppDelegate+SXTUMeung.m */; };
		37C0E2971EC589EC0022BA30 /* main.m in Sources */ = {isa = PBXBuildFile; fileRef = 37C0E2961EC589EC0022BA30 /* main.m */; };
		37C0E2A01EC589EC0022BA30 /* Main.storyboard in Resources */ = {isa = PBXBuildFile; fileRef = 37C0E29E1EC589EC0022BA30 /* Main.storyboard */; };
		37C0E2A21EC589EC0022BA30 /* Assets.xcassets in Resources */ = {isa = PBXBuildFile; fileRef = 37C0E2A11EC589EC0022BA30 /* Assets.xcassets */; };
		37C0E2A51EC589EC0022BA30 /* LaunchScreen.storyboard in Resources */ = {isa = PBXBuildFile; fileRef = 37C0E2A31EC589EC0022BA30 /* LaunchScreen.storyboard */; };
		37C0E2CC1EC58AB00022BA30 /* AppDelegate.m in Sources */ = {isa = PBXBuildFile; fileRef = 37C0E2C41EC58AB00022BA30 /* AppDelegate.m */; };
		37C0E2CD1EC58AB00022BA30 /* ViewController.m in Sources */ = {isa = PBXBuildFile; fileRef = 37C0E2C61EC58AB00022BA30 /* ViewController.m */; };
		37C0E2D21EC5937F0022BA30 /* LiveTabBarViewController.m in Sources */ = {isa = PBXBuildFile; fileRef = 37C0E2D11EC5937F0022BA30 /* LiveTabBarViewController.m */; };
		37C0E2D51EC5938F0022BA30 /* LiveTabBar.m in Sources */ = {isa = PBXBuildFile; fileRef = 37C0E2D41EC5938F0022BA30 /* LiveTabBar.m */; };
		37C0E2D81EC59A510022BA30 /* LiveBaseViewController.m in Sources */ = {isa = PBXBuildFile; fileRef = 37C0E2D71EC59A510022BA30 /* LiveBaseViewController.m */; };
		37C0E2DC1EC59A790022BA30 /* LiveMainViewController.m in Sources */ = {isa = PBXBuildFile; fileRef = 37C0E2DA1EC59A790022BA30 /* LiveMainViewController.m */; };
		37C0E2DD1EC59A790022BA30 /* LiveMainViewController.xib in Resources */ = {isa = PBXBuildFile; fileRef = 37C0E2DB1EC59A790022BA30 /* LiveMainViewController.xib */; };
		37C0E2E11EC59A980022BA30 /* LiveMeViewController.m in Sources */ = {isa = PBXBuildFile; fileRef = 37C0E2DF1EC59A980022BA30 /* LiveMeViewController.m */; };
		37C0E2E21EC59A980022BA30 /* LiveMeViewController.xib in Resources */ = {isa = PBXBuildFile; fileRef = 37C0E2E01EC59A980022BA30 /* LiveMeViewController.xib */; };
		37C0E2E51EC59BB50022BA30 /* LiveBaseNavViewController.m in Sources */ = {isa = PBXBuildFile; fileRef = 37C0E2E41EC59BB50022BA30 /* LiveBaseNavViewController.m */; };
		37C0E2E91EC5E90C0022BA30 /* LiveLaunchiewController.m in Sources */ = {isa = PBXBuildFile; fileRef = 37C0E2E71EC5E90C0022BA30 /* LiveLaunchiewController.m */; };
		37C0E2EA1EC5E90C0022BA30 /* LiveLaunchiewController.xib in Resources */ = {isa = PBXBuildFile; fileRef = 37C0E2E81EC5E90C0022BA30 /* LiveLaunchiewController.xib */; };
		37C0E2EE1EC5F18C0022BA30 /* LiveFocusViewController.m in Sources */ = {isa = PBXBuildFile; fileRef = 37C0E2EC1EC5F18C0022BA30 /* LiveFocusViewController.m */; };
		37C0E2EF1EC5F18C0022BA30 /* LiveFocusViewController.xib in Resources */ = {isa = PBXBuildFile; fileRef = 37C0E2ED1EC5F18C0022BA30 /* LiveFocusViewController.xib */; };
		37C0E2F31EC5F19E0022BA30 /* LiveHotViewController.m in Sources */ = {isa = PBXBuildFile; fileRef = 37C0E2F11EC5F19E0022BA30 /* LiveHotViewController.m */; };
		37C0E2F41EC5F19E0022BA30 /* LiveHotViewController.xib in Resources */ = {isa = PBXBuildFile; fileRef = 37C0E2F21EC5F19E0022BA30 /* LiveHotViewController.xib */; };
		37C0E2F81EC5F1C50022BA30 /* LiveNearViewController.m in Sources */ = {isa = PBXBuildFile; fileRef = 37C0E2F61EC5F1C50022BA30 /* LiveNearViewController.m */; };
		37C0E2F91EC5F1C50022BA30 /* LiveNearViewController.xib in Resources */ = {isa = PBXBuildFile; fileRef = 37C0E2F71EC5F1C50022BA30 /* LiveNearViewController.xib */; };
		37C0E2FC1EC5FC5A0022BA30 /* LiveMainTopView.m in Sources */ = {isa = PBXBuildFile; fileRef = 37C0E2FB1EC5FC5A0022BA30 /* LiveMainTopView.m */; };
		37C0E2FF1EC6098A0022BA30 /* UIViewExt.m in Sources */ = {isa = PBXBuildFile; fileRef = 37C0E2FE1EC6098A0022BA30 /* UIViewExt.m */; };
		512D7A31F79DE0960EDA9780 /* libPods-LivingShow.a in Frameworks */ = {isa = PBXBuildFile; fileRef = 822C6F13060F9E98F1D0610B /* libPods-LivingShow.a */; };
/* End PBXBuildFile section */

/* Begin PBXFileReference section */
		370D9E1D1EC81E8600FD9514 /* HttpTool.h */ = {isa = PBXFileReference; fileEncoding = 4; lastKnownFileType = sourcecode.c.h; path = HttpTool.h; sourceTree = "<group>"; };
		370D9E1E1EC81E8600FD9514 /* HttpTool.m */ = {isa = PBXFileReference; fileEncoding = 4; lastKnownFileType = sourcecode.c.objc; path = HttpTool.m; sourceTree = "<group>"; };
		370D9E1F1EC81E8600FD9514 /* UIImageView+SDWebImage.h */ = {isa = PBXFileReference; fileEncoding = 4; lastKnownFileType = sourcecode.c.h; path = "UIImageView+SDWebImage.h"; sourceTree = "<group>"; };
		370D9E201EC81E8600FD9514 /* UIImageView+SDWebImage.m */ = {isa = PBXFileReference; fileEncoding = 4; lastKnownFileType = sourcecode.c.objc; path = "UIImageView+SDWebImage.m"; sourceTree = "<group>"; };
		370D9E231EC8208900FD9514 /* LiveBaseHandler.h */ = {isa = PBXFileReference; fileEncoding = 4; lastKnownFileType = sourcecode.c.h; path = LiveBaseHandler.h; sourceTree = "<group>"; };
		370D9E241EC8208900FD9514 /* LiveBaseHandler.m */ = {isa = PBXFileReference; fileEncoding = 4; lastKnownFileType = sourcecode.c.objc; path = LiveBaseHandler.m; sourceTree = "<group>"; };
		370D9E261EC8215C00FD9514 /* LiveLiveHandler.h */ = {isa = PBXFileReference; fileEncoding = 4; lastKnownFileType = sourcecode.c.h; path = LiveLiveHandler.h; sourceTree = "<group>"; };
		370D9E271EC8215C00FD9514 /* LiveLiveHandler.m */ = {isa = PBXFileReference; fileEncoding = 4; lastKnownFileType = sourcecode.c.objc; path = LiveLiveHandler.m; sourceTree = "<group>"; };
		378C39F11EC8284400661396 /* LiveLiew.h */ = {isa = PBXFileReference; fileEncoding = 4; lastKnownFileType = sourcecode.c.h; path = LiveLiew.h; sourceTree = "<group>"; };
		378C39F21EC8284400661396 /* LiveLiew.m */ = {isa = PBXFileReference; fileEncoding = 4; lastKnownFileType = sourcecode.c.objc; path = LiveLiew.m; sourceTree = "<group>"; };
		378C39F71EC843FD00661396 /* AVFoundation.framework */ = {isa = PBXFileReference; lastKnownFileType = wrapper.framework; name = AVFoundation.framework; path = System/Library/Frameworks/AVFoundation.framework; sourceTree = SDKROOT; };
		378C39F91EC8449100661396 /* AudioToolbox.framework */ = {isa = PBXFileReference; lastKnownFileType = wrapper.framework; name = AudioToolbox.framework; path = System/Library/Frameworks/AudioToolbox.framework; sourceTree = SDKROOT; };
		378C39FB1EC8449D00661396 /* CoreGraphics.framework */ = {isa = PBXFileReference; lastKnownFileType = wrapper.framework; name = CoreGraphics.framework; path = System/Library/Frameworks/CoreGraphics.framework; sourceTree = SDKROOT; };
		378C39FD1EC844A600661396 /* CoreMedia.framework */ = {isa = PBXFileReference; lastKnownFileType = wrapper.framework; name = CoreMedia.framework; path = System/Library/Frameworks/CoreMedia.framework; sourceTree = SDKROOT; };
		378C39FF1EC844AD00661396 /* CoreVideo.framework */ = {isa = PBXFileReference; lastKnownFileType = wrapper.framework; name = CoreVideo.framework; path = System/Library/Frameworks/CoreVideo.framework; sourceTree = SDKROOT; };
		378C3A011EC844B800661396 /* libbz2.tbd */ = {isa = PBXFileReference; lastKnownFileType = "sourcecode.text-based-dylib-definition"; name = libbz2.tbd; path = usr/lib/libbz2.tbd; sourceTree = SDKROOT; };
		378C3A031EC844BF00661396 /* libz.tbd */ = {isa = PBXFileReference; lastKnownFileType = "sourcecode.text-based-dylib-definition"; name = libz.tbd; path = usr/lib/libz.tbd; sourceTree = SDKROOT; };
		378C3A051EC844CB00661396 /* MediaPlayer.framework */ = {isa = PBXFileReference; lastKnownFileType = wrapper.framework; name = MediaPlayer.framework; path = System/Library/Frameworks/MediaPlayer.framework; sourceTree = SDKROOT; };
		378C3A071EC844E000661396 /* MobileCoreServices.framework */ = {isa = PBXFileReference; lastKnownFileType = wrapper.framework; name = MobileCoreServices.framework; path = System/Library/Frameworks/MobileCoreServices.framework; sourceTree = SDKROOT; };
		378C3A091EC844E800661396 /* OpenGLES.framework */ = {isa = PBXFileReference; lastKnownFileType = wrapper.framework; name = OpenGLES.framework; path = System/Library/Frameworks/OpenGLES.framework; sourceTree = SDKROOT; };
		378C3A0B1EC844F000661396 /* QuartzCore.framework */ = {isa = PBXFileReference; lastKnownFileType = wrapper.framework; name = QuartzCore.framework; path = System/Library/Frameworks/QuartzCore.framework; sourceTree = SDKROOT; };
		378C3A0D1EC844F800661396 /* UIKit.framework */ = {isa = PBXFileReference; lastKnownFileType = wrapper.framework; name = UIKit.framework; path = System/Library/Frameworks/UIKit.framework; sourceTree = SDKROOT; };
		378C3A0F1EC8450200661396 /* VideoToolbox.framework */ = {isa = PBXFileReference; lastKnownFileType = wrapper.framework; name = VideoToolbox.framework; path = System/Library/Frameworks/VideoToolbox.framework; sourceTree = SDKROOT; };
		378C3A111EC845D200661396 /* LivePlayerViewController.h */ = {isa = PBXFileReference; fileEncoding = 4; lastKnownFileType = sourcecode.c.h; path = LivePlayerViewController.h; sourceTree = "<group>"; };
		378C3A121EC845D200661396 /* LivePlayerViewController.m */ = {isa = PBXFileReference; fileEncoding = 4; lastKnownFileType = sourcecode.c.objc; path = LivePlayerViewController.m; sourceTree = "<group>"; };
		378C3A1D1EC8508E00661396 /* IJKMediaFramework.framework */ = {isa = PBXFileReference; lastKnownFileType = wrapper.framework; path = IJKMediaFramework.framework; sourceTree = "<group>"; };
		378C3A1F1EC85AD400661396 /* LiveLiveChatViewController.h */ = {isa = PBXFileReference; fileEncoding = 4; lastKnownFileType = sourcecode.c.h; path = LiveLiveChatViewController.h; sourceTree = "<group>"; };
		378C3A201EC85AD400661396 /* LiveLiveChatViewController.m */ = {isa = PBXFileReference; fileEncoding = 4; lastKnownFileType = sourcecode.c.objc; path = LiveLiveChatViewController.m; sourceTree = "<group>"; };
		378C3A211EC85AD400661396 /* LiveLiveChatViewController.xib */ = {isa = PBXFileReference; fileEncoding = 4; lastKnownFileType = file.xib; path = LiveLiveChatViewController.xib; sourceTree = "<group>"; };
		378C3A241EC8667C00661396 /* NSString+CachePath.h */ = {isa = PBXFileReference; fileEncoding = 4; lastKnownFileType = sourcecode.c.h; path = "NSString+CachePath.h"; sourceTree = "<group>"; };
		378C3A251EC8667C00661396 /* NSString+CachePath.m */ = {isa = PBXFileReference; fileEncoding = 4; lastKnownFileType = sourcecode.c.objc; path = "NSString+CachePath.m"; sourceTree = "<group>"; };
		378C3A261EC8667C00661396 /* UIColor+HEX.h */ = {isa = PBXFileReference; fileEncoding = 4; lastKnownFileType = sourcecode.c.h; path = "UIColor+HEX.h"; sourceTree = "<group>"; };
		378C3A271EC8667C00661396 /* UIColor+HEX.m */ = {isa = PBXFileReference; fileEncoding = 4; lastKnownFileType = sourcecode.c.objc; path = "UIColor+HEX.m"; sourceTree = "<group>"; };
		378C3A2A1EC8669900661396 /* SXTCacheHelper.h */ = {isa = PBXFileReference; fileEncoding = 4; lastKnownFileType = sourcecode.c.h; path = SXTCacheHelper.h; sourceTree = "<group>"; };
		378C3A2B1EC8669900661396 /* SXTCacheHelper.m */ = {isa = PBXFileReference; fileEncoding = 4; lastKnownFileType = sourcecode.c.objc; path = SXTCacheHelper.m; sourceTree = "<group>"; };
		378C3A2C1EC8669900661396 /* SXTUserHelper.h */ = {isa = PBXFileReference; fileEncoding = 4; lastKnownFileType = sourcecode.c.h; path = SXTUserHelper.h; sourceTree = "<group>"; };
		378C3A2D1EC8669900661396 /* SXTUserHelper.m */ = {isa = PBXFileReference; fileEncoding = 4; lastKnownFileType = sourcecode.c.objc; path = SXTUserHelper.m; sourceTree = "<group>"; };
		378C3A331EC8672800661396 /* LiveLocationManager.h */ = {isa = PBXFileReference; fileEncoding = 4; lastKnownFileType = sourcecode.c.h; path = LiveLocationManager.h; sourceTree = "<group>"; };
		378C3A341EC8672800661396 /* LiveLocationManager.m */ = {isa = PBXFileReference; fileEncoding = 4; lastKnownFileType = sourcecode.c.objc; path = LiveLocationManager.m; sourceTree = "<group>"; };
		378C3A361EC867A200661396 /* CoreLocation.framework */ = {isa = PBXFileReference; lastKnownFileType = wrapper.framework; name = CoreLocation.framework; path = System/Library/Frameworks/CoreLocation.framework; sourceTree = SDKROOT; };
		378C3A381EC872E300661396 /* LiveCreator.h */ = {isa = PBXFileReference; fileEncoding = 4; lastKnownFileType = sourcecode.c.h; path = LiveCreator.h; sourceTree = "<group>"; };
		378C3A391EC872E300661396 /* LiveCreator.m */ = {isa = PBXFileReference; fileEncoding = 4; lastKnownFileType = sourcecode.c.objc; path = LiveCreator.m; sourceTree = "<group>"; };
		378C3A3B1EC8733400661396 /* SXTAdvertise.h */ = {isa = PBXFileReference; fileEncoding = 4; lastKnownFileType = sourcecode.c.h; path = SXTAdvertise.h; sourceTree = "<group>"; };
		378C3A3C1EC8733400661396 /* SXTAdvertise.m */ = {isa = PBXFileReference; fileEncoding = 4; lastKnownFileType = sourcecode.c.objc; path = SXTAdvertise.m; sourceTree = "<group>"; };
		378C3A3E1EC8743D00661396 /* LiveNearCollectionViewCell.h */ = {isa = PBXFileReference; fileEncoding = 4; lastKnownFileType = sourcecode.c.h; path = LiveNearCollectionViewCell.h; sourceTree = "<group>"; };
		378C3A3F1EC8743D00661396 /* LiveNearCollectionViewCell.m */ = {isa = PBXFileReference; fileEncoding = 4; lastKnownFileType = sourcecode.c.objc; path = LiveNearCollectionViewCell.m; sourceTree = "<group>"; };
		378C3A401EC8743D00661396 /* LiveNearCollectionViewCell.xib */ = {isa = PBXFileReference; fileEncoding = 4; lastKnownFileType = file.xib; path = LiveNearCollectionViewCell.xib; sourceTree = "<group>"; };
		378C3A431EC87C0800661396 /* LiveAdvertisView.h */ = {isa = PBXFileReference; fileEncoding = 4; lastKnownFileType = sourcecode.c.h; path = LiveAdvertisView.h; sourceTree = "<group>"; };
		378C3A441EC87C0800661396 /* LiveAdvertisView.m */ = {isa = PBXFileReference; fileEncoding = 4; lastKnownFileType = sourcecode.c.objc; path = LiveAdvertisView.m; sourceTree = "<group>"; };
		378C3A461EC87C1B00661396 /* LiveAdvertisView.xib */ = {isa = PBXFileReference; fileEncoding = 4; lastKnownFileType = file.xib; path = LiveAdvertisView.xib; sourceTree = "<group>"; };
		378C3A4E1EC897E500661396 /* LFLivePreview.h */ = {isa = PBXFileReference; fileEncoding = 4; lastKnownFileType = sourcecode.c.h; path = LFLivePreview.h; sourceTree = "<group>"; };
		378C3A4F1EC897E500661396 /* LFLivePreview.m */ = {isa = PBXFileReference; fileEncoding = 4; lastKnownFileType = sourcecode.c.objc; path = LFLivePreview.m; sourceTree = "<group>"; };
		378C3A521EC899E400661396 /* camra_beauty@2x.png */ = {isa = PBXFileReference; lastKnownFileType = image.png; path = "camra_beauty@2x.png"; sourceTree = "<group>"; };
		378C3A531EC899E400661396 /* camra_beauty@3x.png */ = {isa = PBXFileReference; lastKnownFileType = image.png; path = "camra_beauty@3x.png"; sourceTree = "<group>"; };
		378C3A541EC899E400661396 /* camra_beauty_close@2x.png */ = {isa = PBXFileReference; lastKnownFileType = image.png; path = "camra_beauty_close@2x.png"; sourceTree = "<group>"; };
		378C3A551EC899E400661396 /* camra_beauty_close@3x.png */ = {isa = PBXFileReference; lastKnownFileType = image.png; path = "camra_beauty_close@3x.png"; sourceTree = "<group>"; };
		378C3A561EC899E400661396 /* camra_preview@2x.png */ = {isa = PBXFileReference; lastKnownFileType = image.png; path = "camra_preview@2x.png"; sourceTree = "<group>"; };
		378C3A571EC899E400661396 /* camra_preview@3x.png */ = {isa = PBXFileReference; lastKnownFileType = image.png; path = "camra_preview@3x.png"; sourceTree = "<group>"; };
		378C3A581EC899E400661396 /* close_preview@2x.png */ = {isa = PBXFileReference; lastKnownFileType = image.png; path = "close_preview@2x.png"; sourceTree = "<group>"; };
		378C3A591EC899E400661396 /* close_preview@3x.png */ = {isa = PBXFileReference; lastKnownFileType = image.png; path = "close_preview@3x.png"; sourceTree = "<group>"; };
		378C3A5A1EC899E400661396 /* ios-29x29.png */ = {isa = PBXFileReference; lastKnownFileType = image.png; path = "ios-29x29.png"; sourceTree = "<group>"; };
		378C3A641EC89C4900661396 /* LiveloginViewController.h */ = {isa = PBXFileReference; fileEncoding = 4; lastKnownFileType = sourcecode.c.h; path = LiveloginViewController.h; sourceTree = "<group>"; };
		378C3A651EC89C4900661396 /* LiveloginViewController.m */ = {isa = PBXFileReference; fileEncoding = 4; lastKnownFileType = sourcecode.c.objc; path = LiveloginViewController.m; sourceTree = "<group>"; };
		378C3A661EC89C4900661396 /* LiveloginViewController.xib */ = {isa = PBXFileReference; fileEncoding = 4; lastKnownFileType = file.xib; path = LiveloginViewController.xib; sourceTree = "<group>"; };
		378C3A6B1EC89F7900661396 /* en */ = {isa = PBXFileReference; lastKnownFileType = text.plist.strings; name = en; path = en.lproj/UMSocialLocalizable.strings; sourceTree = "<group>"; };
		378C3A6D1EC89F7900661396 /* UMSocial.h */ = {isa = PBXFileReference; fileEncoding = 4; lastKnownFileType = sourcecode.c.h; path = UMSocial.h; sourceTree = "<group>"; };
		378C3A6E1EC89F7900661396 /* UMSocialAccountManager.h */ = {isa = PBXFileReference; fileEncoding = 4; lastKnownFileType = sourcecode.c.h; path = UMSocialAccountManager.h; sourceTree = "<group>"; };
		378C3A6F1EC89F7900661396 /* UMSocialBar.h */ = {isa = PBXFileReference; fileEncoding = 4; lastKnownFileType = sourcecode.c.h; path = UMSocialBar.h; sourceTree = "<group>"; };
		378C3A701EC89F7900661396 /* UMSocialConfig.h */ = {isa = PBXFileReference; fileEncoding = 4; lastKnownFileType = sourcecode.c.h; path = UMSocialConfig.h; sourceTree = "<group>"; };
		378C3A711EC89F7900661396 /* UMSocialControllerService.h */ = {isa = PBXFileReference; fileEncoding = 4; lastKnownFileType = sourcecode.c.h; path = UMSocialControllerService.h; sourceTree = "<group>"; };
		378C3A721EC89F7900661396 /* UMSocialControllerServiceComment.h */ = {isa = PBXFileReference; fileEncoding = 4; lastKnownFileType = sourcecode.c.h; path = UMSocialControllerServiceComment.h; sourceTree = "<group>"; };
		378C3A731EC89F7900661396 /* UMSocialData.h */ = {isa = PBXFileReference; fileEncoding = 4; lastKnownFileType = sourcecode.c.h; path = UMSocialData.h; sourceTree = "<group>"; };
		378C3A741EC89F7900661396 /* UMSocialDataService.h */ = {isa = PBXFileReference; fileEncoding = 4; lastKnownFileType = sourcecode.c.h; path = UMSocialDataService.h; sourceTree = "<group>"; };
		378C3A751EC89F7900661396 /* UMSocialSnsData.h */ = {isa = PBXFileReference; fileEncoding = 4; lastKnownFileType = sourcecode.c.h; path = UMSocialSnsData.h; sourceTree = "<group>"; };
		378C3A761EC89F7900661396 /* UMSocialSnsPlatformManager.h */ = {isa = PBXFileReference; fileEncoding = 4; lastKnownFileType = sourcecode.c.h; path = UMSocialSnsPlatformManager.h; sourceTree = "<group>"; };
		378C3A771EC89F7900661396 /* UMSocialSnsService.h */ = {isa = PBXFileReference; fileEncoding = 4; lastKnownFileType = sourcecode.c.h; path = UMSocialSnsService.h; sourceTree = "<group>"; };
		378C3A781EC89F7900661396 /* libUMSocial_Sdk_5.2.1.a */ = {isa = PBXFileReference; lastKnownFileType = archive.ar; path = libUMSocial_Sdk_5.2.1.a; sourceTree = "<group>"; };
		378C3A7A1EC89F7900661396 /* UMSCommentDetailController.xib */ = {isa = PBXFileReference; fileEncoding = 4; lastKnownFileType = file.xib; path = UMSCommentDetailController.xib; sourceTree = "<group>"; };
		378C3A7B1EC89F7900661396 /* UMSCommentInputController.xib */ = {isa = PBXFileReference; fileEncoding = 4; lastKnownFileType = file.xib; path = UMSCommentInputController.xib; sourceTree = "<group>"; };
		378C3A7C1EC89F7900661396 /* UMSCommentInputControlleriPad.xib */ = {isa = PBXFileReference; fileEncoding = 4; lastKnownFileType = file.xib; path = UMSCommentInputControlleriPad.xib; sourceTree = "<group>"; };
		378C3A7D1EC89F7900661396 /* UMShareEditViewController.xib */ = {isa = PBXFileReference; fileEncoding = 4; lastKnownFileType = file.xib; path = UMShareEditViewController.xib; sourceTree = "<group>"; };
		378C3A7E1EC89F7900661396 /* UMShareEditViewControlleriPad.xib */ = {isa = PBXFileReference; fileEncoding = 4; lastKnownFileType = file.xib; path = UMShareEditViewControlleriPad.xib; sourceTree = "<group>"; };
		378C3A7F1EC89F7900661396 /* UMSLoginViewController.xib */ = {isa = PBXFileReference; fileEncoding = 4; lastKnownFileType = file.xib; path = UMSLoginViewController.xib; sourceTree = "<group>"; };
		378C3A801EC89F7900661396 /* UMSnsAccountViewController.xib */ = {isa = PBXFileReference; fileEncoding = 4; lastKnownFileType = file.xib; path = UMSnsAccountViewController.xib; sourceTree = "<group>"; };
		378C3A811EC89F7900661396 /* UMSShareListController.xib */ = {isa = PBXFileReference; fileEncoding = 4; lastKnownFileType = file.xib; path = UMSShareListController.xib; sourceTree = "<group>"; };
		378C3A821EC89F7900661396 /* UMSocialSDKResourcesNew.bundle */ = {isa = PBXFileReference; lastKnownFileType = "wrapper.plug-in"; path = UMSocialSDKResourcesNew.bundle; sourceTree = "<group>"; };
		378C3A831EC89F7900661396 /* zh-Hans */ = {isa = PBXFileReference; lastKnownFileType = text.plist.strings; name = "zh-Hans"; path = "zh-Hans.lproj/UMSocialLocalizable.strings"; sourceTree = "<group>"; };
		378C3A861EC89F7900661396 /* libSocialSinaSSO.a */ = {isa = PBXFileReference; lastKnownFileType = archive.ar; path = libSocialSinaSSO.a; sourceTree = "<group>"; };
		378C3A871EC89F7900661396 /* libWeiboSDK.a */ = {isa = PBXFileReference; lastKnownFileType = archive.ar; path = libWeiboSDK.a; sourceTree = "<group>"; };
		378C3A881EC89F7900661396 /* UMSocialSinaSSOHandler.h */ = {isa = PBXFileReference; fileEncoding = 4; lastKnownFileType = sourcecode.c.h; path = UMSocialSinaSSOHandler.h; sourceTree = "<group>"; };
		378C3A891EC89F7900661396 /* WBHttpRequest+WeiboGame.h */ = {isa = PBXFileReference; fileEncoding = 4; lastKnownFileType = sourcecode.c.h; path = "WBHttpRequest+WeiboGame.h"; sourceTree = "<group>"; };
		378C3A8A1EC89F7900661396 /* WBHttpRequest+WeiboShare.h */ = {isa = PBXFileReference; fileEncoding = 4; lastKnownFileType = sourcecode.c.h; path = "WBHttpRequest+WeiboShare.h"; sourceTree = "<group>"; };
		378C3A8B1EC89F7900661396 /* WBHttpRequest+WeiboToken.h */ = {isa = PBXFileReference; fileEncoding = 4; lastKnownFileType = sourcecode.c.h; path = "WBHttpRequest+WeiboToken.h"; sourceTree = "<group>"; };
		378C3A8C1EC89F7900661396 /* WBHttpRequest+WeiboUser.h */ = {isa = PBXFileReference; fileEncoding = 4; lastKnownFileType = sourcecode.c.h; path = "WBHttpRequest+WeiboUser.h"; sourceTree = "<group>"; };
		378C3A8D1EC89F7900661396 /* WBHttpRequest.h */ = {isa = PBXFileReference; fileEncoding = 4; lastKnownFileType = sourcecode.c.h; path = WBHttpRequest.h; sourceTree = "<group>"; };
		378C3A8E1EC89F7900661396 /* WBSDKBasicButton.h */ = {isa = PBXFileReference; fileEncoding = 4; lastKnownFileType = sourcecode.c.h; path = WBSDKBasicButton.h; sourceTree = "<group>"; };
		378C3A8F1EC89F7900661396 /* WBSDKCommentButton.h */ = {isa = PBXFileReference; fileEncoding = 4; lastKnownFileType = sourcecode.c.h; path = WBSDKCommentButton.h; sourceTree = "<group>"; };
		378C3A901EC89F7900661396 /* WBSDKRelationshipButton.h */ = {isa = PBXFileReference; fileEncoding = 4; lastKnownFileType = sourcecode.c.h; path = WBSDKRelationshipButton.h; sourceTree = "<group>"; };
		378C3A911EC89F7900661396 /* WeiboSDK+Statistics.h */ = {isa = PBXFileReference; fileEncoding = 4; lastKnownFileType = sourcecode.c.h; path = "WeiboSDK+Statistics.h"; sourceTree = "<group>"; };
		378C3A921EC89F7900661396 /* WeiboSDK.bundle */ = {isa = PBXFileReference; lastKnownFileType = "wrapper.plug-in"; path = WeiboSDK.bundle; sourceTree = "<group>"; };
		378C3A931EC89F7900661396 /* WeiboSDK.h */ = {isa = PBXFileReference; fileEncoding = 4; lastKnownFileType = sourcecode.c.h; path = WeiboSDK.h; sourceTree = "<group>"; };
		378C3A941EC89F7900661396 /* WeiboUser.h */ = {isa = PBXFileReference; fileEncoding = 4; lastKnownFileType = sourcecode.c.h; path = WeiboUser.h; sourceTree = "<group>"; };
		378C3AA31EC89FB800661396 /* AppDelegate+SXTUMeung.h */ = {isa = PBXFileReference; fileEncoding = 4; lastKnownFileType = sourcecode.c.h; path = "AppDelegate+SXTUMeung.h"; sourceTree = "<group>"; };
		378C3AA41EC89FB800661396 /* AppDelegate+SXTUMeung.m */ = {isa = PBXFileReference; fileEncoding = 4; lastKnownFileType = sourcecode.c.objc; path = "AppDelegate+SXTUMeung.m"; sourceTree = "<group>"; };
		37C0E2921EC589EC0022BA30 /* LivingShow.app */ = {isa = PBXFileReference; explicitFileType = wrapper.application; includeInIndex = 0; path = LivingShow.app; sourceTree = BUILT_PRODUCTS_DIR; };
		37C0E2961EC589EC0022BA30 /* main.m */ = {isa = PBXFileReference; lastKnownFileType = sourcecode.c.objc; path = main.m; sourceTree = "<group>"; };
		37C0E29F1EC589EC0022BA30 /* Base */ = {isa = PBXFileReference; lastKnownFileType = file.storyboard; name = Base; path = Base.lproj/Main.storyboard; sourceTree = "<group>"; };
		37C0E2A11EC589EC0022BA30 /* Assets.xcassets */ = {isa = PBXFileReference; lastKnownFileType = folder.assetcatalog; path = Assets.xcassets; sourceTree = "<group>"; };
		37C0E2A41EC589EC0022BA30 /* Base */ = {isa = PBXFileReference; lastKnownFileType = file.storyboard; name = Base; path = Base.lproj/LaunchScreen.storyboard; sourceTree = "<group>"; };
		37C0E2A61EC589EC0022BA30 /* Info.plist */ = {isa = PBXFileReference; lastKnownFileType = text.plist.xml; path = Info.plist; sourceTree = "<group>"; };
		37C0E2C31EC58AB00022BA30 /* AppDelegate.h */ = {isa = PBXFileReference; fileEncoding = 4; lastKnownFileType = sourcecode.c.h; path = AppDelegate.h; sourceTree = "<group>"; };
		37C0E2C41EC58AB00022BA30 /* AppDelegate.m */ = {isa = PBXFileReference; fileEncoding = 4; lastKnownFileType = sourcecode.c.objc; path = AppDelegate.m; sourceTree = "<group>"; };
		37C0E2C51EC58AB00022BA30 /* ViewController.h */ = {isa = PBXFileReference; fileEncoding = 4; lastKnownFileType = sourcecode.c.h; path = ViewController.h; sourceTree = "<group>"; };
		37C0E2C61EC58AB00022BA30 /* ViewController.m */ = {isa = PBXFileReference; fileEncoding = 4; lastKnownFileType = sourcecode.c.objc; path = ViewController.m; sourceTree = "<group>"; };
		37C0E2CE1EC58FA30022BA30 /* LivePCH.pch */ = {isa = PBXFileReference; lastKnownFileType = sourcecode.c.h; path = LivePCH.pch; sourceTree = "<group>"; };
		37C0E2CF1EC591610022BA30 /* LiveMacros.h */ = {isa = PBXFileReference; lastKnownFileType = sourcecode.c.h; path = LiveMacros.h; sourceTree = "<group>"; };
		37C0E2D01EC5937F0022BA30 /* LiveTabBarViewController.h */ = {isa = PBXFileReference; fileEncoding = 4; lastKnownFileType = sourcecode.c.h; path = LiveTabBarViewController.h; sourceTree = "<group>"; };
		37C0E2D11EC5937F0022BA30 /* LiveTabBarViewController.m */ = {isa = PBXFileReference; fileEncoding = 4; lastKnownFileType = sourcecode.c.objc; path = LiveTabBarViewController.m; sourceTree = "<group>"; };
		37C0E2D31EC5938F0022BA30 /* LiveTabBar.h */ = {isa = PBXFileReference; fileEncoding = 4; lastKnownFileType = sourcecode.c.h; path = LiveTabBar.h; sourceTree = "<group>"; };
		37C0E2D41EC5938F0022BA30 /* LiveTabBar.m */ = {isa = PBXFileReference; fileEncoding = 4; lastKnownFileType = sourcecode.c.objc; path = LiveTabBar.m; sourceTree = "<group>"; };
		37C0E2D61EC59A510022BA30 /* LiveBaseViewController.h */ = {isa = PBXFileReference; fileEncoding = 4; lastKnownFileType = sourcecode.c.h; path = LiveBaseViewController.h; sourceTree = "<group>"; };
		37C0E2D71EC59A510022BA30 /* LiveBaseViewController.m */ = {isa = PBXFileReference; fileEncoding = 4; lastKnownFileType = sourcecode.c.objc; path = LiveBaseViewController.m; sourceTree = "<group>"; };
		37C0E2D91EC59A790022BA30 /* LiveMainViewController.h */ = {isa = PBXFileReference; fileEncoding = 4; lastKnownFileType = sourcecode.c.h; path = LiveMainViewController.h; sourceTree = "<group>"; };
		37C0E2DA1EC59A790022BA30 /* LiveMainViewController.m */ = {isa = PBXFileReference; fileEncoding = 4; lastKnownFileType = sourcecode.c.objc; path = LiveMainViewController.m; sourceTree = "<group>"; };
		37C0E2DB1EC59A790022BA30 /* LiveMainViewController.xib */ = {isa = PBXFileReference; fileEncoding = 4; lastKnownFileType = file.xib; path = LiveMainViewController.xib; sourceTree = "<group>"; };
		37C0E2DE1EC59A980022BA30 /* LiveMeViewController.h */ = {isa = PBXFileReference; fileEncoding = 4; lastKnownFileType = sourcecode.c.h; path = LiveMeViewController.h; sourceTree = "<group>"; };
		37C0E2DF1EC59A980022BA30 /* LiveMeViewController.m */ = {isa = PBXFileReference; fileEncoding = 4; lastKnownFileType = sourcecode.c.objc; path = LiveMeViewController.m; sourceTree = "<group>"; };
		37C0E2E01EC59A980022BA30 /* LiveMeViewController.xib */ = {isa = PBXFileReference; fileEncoding = 4; lastKnownFileType = file.xib; path = LiveMeViewController.xib; sourceTree = "<group>"; };
		37C0E2E31EC59BB50022BA30 /* LiveBaseNavViewController.h */ = {isa = PBXFileReference; fileEncoding = 4; lastKnownFileType = sourcecode.c.h; path = LiveBaseNavViewController.h; sourceTree = "<group>"; };
		37C0E2E41EC59BB50022BA30 /* LiveBaseNavViewController.m */ = {isa = PBXFileReference; fileEncoding = 4; lastKnownFileType = sourcecode.c.objc; path = LiveBaseNavViewController.m; sourceTree = "<group>"; };
		37C0E2E61EC5E90C0022BA30 /* LiveLaunchiewController.h */ = {isa = PBXFileReference; fileEncoding = 4; lastKnownFileType = sourcecode.c.h; path = LiveLaunchiewController.h; sourceTree = "<group>"; };
		37C0E2E71EC5E90C0022BA30 /* LiveLaunchiewController.m */ = {isa = PBXFileReference; fileEncoding = 4; lastKnownFileType = sourcecode.c.objc; path = LiveLaunchiewController.m; sourceTree = "<group>"; };
		37C0E2E81EC5E90C0022BA30 /* LiveLaunchiewController.xib */ = {isa = PBXFileReference; fileEncoding = 4; lastKnownFileType = file.xib; path = LiveLaunchiewController.xib; sourceTree = "<group>"; };
		37C0E2EB1EC5F18C0022BA30 /* LiveFocusViewController.h */ = {isa = PBXFileReference; fileEncoding = 4; lastKnownFileType = sourcecode.c.h; path = LiveFocusViewController.h; sourceTree = "<group>"; };
		37C0E2EC1EC5F18C0022BA30 /* LiveFocusViewController.m */ = {isa = PBXFileReference; fileEncoding = 4; lastKnownFileType = sourcecode.c.objc; path = LiveFocusViewController.m; sourceTree = "<group>"; };
		37C0E2ED1EC5F18C0022BA30 /* LiveFocusViewController.xib */ = {isa = PBXFileReference; fileEncoding = 4; lastKnownFileType = file.xib; path = LiveFocusViewController.xib; sourceTree = "<group>"; };
		37C0E2F01EC5F19E0022BA30 /* LiveHotViewController.h */ = {isa = PBXFileReference; fileEncoding = 4; lastKnownFileType = sourcecode.c.h; path = LiveHotViewController.h; sourceTree = "<group>"; };
		37C0E2F11EC5F19E0022BA30 /* LiveHotViewController.m */ = {isa = PBXFileReference; fileEncoding = 4; lastKnownFileType = sourcecode.c.objc; path = LiveHotViewController.m; sourceTree = "<group>"; };
		37C0E2F21EC5F19E0022BA30 /* LiveHotViewController.xib */ = {isa = PBXFileReference; fileEncoding = 4; lastKnownFileType = file.xib; path = LiveHotViewController.xib; sourceTree = "<group>"; };
		37C0E2F51EC5F1C50022BA30 /* LiveNearViewController.h */ = {isa = PBXFileReference; fileEncoding = 4; lastKnownFileType = sourcecode.c.h; path = LiveNearViewController.h; sourceTree = "<group>"; };
		37C0E2F61EC5F1C50022BA30 /* LiveNearViewController.m */ = {isa = PBXFileReference; fileEncoding = 4; lastKnownFileType = sourcecode.c.objc; path = LiveNearViewController.m; sourceTree = "<group>"; };
		37C0E2F71EC5F1C50022BA30 /* LiveNearViewController.xib */ = {isa = PBXFileReference; fileEncoding = 4; lastKnownFileType = file.xib; path = LiveNearViewController.xib; sourceTree = "<group>"; };
		37C0E2FA1EC5FC5A0022BA30 /* LiveMainTopView.h */ = {isa = PBXFileReference; fileEncoding = 4; lastKnownFileType = sourcecode.c.h; path = LiveMainTopView.h; sourceTree = "<group>"; };
		37C0E2FB1EC5FC5A0022BA30 /* LiveMainTopView.m */ = {isa = PBXFileReference; fileEncoding = 4; lastKnownFileType = sourcecode.c.objc; path = LiveMainTopView.m; sourceTree = "<group>"; };
		37C0E2FD1EC6098A0022BA30 /* UIViewExt.h */ = {isa = PBXFileReference; fileEncoding = 4; lastKnownFileType = sourcecode.c.h; path = UIViewExt.h; sourceTree = "<group>"; };
		37C0E2FE1EC6098A0022BA30 /* UIViewExt.m */ = {isa = PBXFileReference; fileEncoding = 4; lastKnownFileType = sourcecode.c.objc; path = UIViewExt.m; sourceTree = "<group>"; };
		37C0E3011EC613680022BA30 /* APIConfig.h */ = {isa = PBXFileReference; fileEncoding = 4; lastKnownFileType = sourcecode.c.h; path = APIConfig.h; sourceTree = "<group>"; };
		69E6499B570C769C9447AA46 /* Pods-LivingShow.release.xcconfig */ = {isa = PBXFileReference; includeInIndex = 1; lastKnownFileType = text.xcconfig; name = "Pods-LivingShow.release.xcconfig"; path = "Pods/Target Support Files/Pods-LivingShow/Pods-LivingShow.release.xcconfig"; sourceTree = "<group>"; };
		822C6F13060F9E98F1D0610B /* libPods-LivingShow.a */ = {isa = PBXFileReference; explicitFileType = archive.ar; includeInIndex = 0; path = "libPods-LivingShow.a"; sourceTree = BUILT_PRODUCTS_DIR; };
		F700ACACC814E8EDA0F3C6A6 /* Pods-LivingShow.debug.xcconfig */ = {isa = PBXFileReference; includeInIndex = 1; lastKnownFileType = text.xcconfig; name = "Pods-LivingShow.debug.xcconfig"; path = "Pods/Target Support Files/Pods-LivingShow/Pods-LivingShow.debug.xcconfig"; sourceTree = "<group>"; };
/* End PBXFileReference section */

/* Begin PBXFrameworksBuildPhase section */
		37C0E28F1EC589EC0022BA30 /* Frameworks */ = {
			isa = PBXFrameworksBuildPhase;
			buildActionMask = 2147483647;
			files = (
				378C3A371EC867A200661396 /* CoreLocation.framework in Frameworks */,
				378C3A101EC8450200661396 /* VideoToolbox.framework in Frameworks */,
				378C3A0C1EC844F000661396 /* QuartzCore.framework in Frameworks */,
				378C3A0A1EC844E800661396 /* OpenGLES.framework in Frameworks */,
				378C3A081EC844E000661396 /* MobileCoreServices.framework in Frameworks */,
				378C3A061EC844CB00661396 /* MediaPlayer.framework in Frameworks */,
				378C3A041EC844BF00661396 /* libz.tbd in Frameworks */,
				378C3A021EC844B800661396 /* libbz2.tbd in Frameworks */,
				378C3A001EC844AD00661396 /* CoreVideo.framework in Frameworks */,
				378C39FE1EC844A600661396 /* CoreMedia.framework in Frameworks */,
				378C39FC1EC8449D00661396 /* CoreGraphics.framework in Frameworks */,
				378C3AA01EC89F7900661396 /* libSocialSinaSSO.a in Frameworks */,
				378C39FA1EC8449100661396 /* AudioToolbox.framework in Frameworks */,
				378C3AA11EC89F7900661396 /* libWeiboSDK.a in Frameworks */,
				378C39F81EC843FD00661396 /* AVFoundation.framework in Frameworks */,
				512D7A31F79DE0960EDA9780 /* libPods-LivingShow.a in Frameworks */,
				378C3A961EC89F7900661396 /* libUMSocial_Sdk_5.2.1.a in Frameworks */,
				378C3A1E1EC8508E00661396 /* IJKMediaFramework.framework in Frameworks */,
			);
			runOnlyForDeploymentPostprocessing = 0;
		};
/* End PBXFrameworksBuildPhase section */

/* Begin PBXGroup section */
		378C3A511EC899E400661396 /* images */ = {
			isa = PBXGroup;
			children = (
				378C3A521EC899E400661396 /* camra_beauty@2x.png */,
				378C3A531EC899E400661396 /* camra_beauty@3x.png */,
				378C3A541EC899E400661396 /* camra_beauty_close@2x.png */,
				378C3A551EC899E400661396 /* camra_beauty_close@3x.png */,
				378C3A561EC899E400661396 /* camra_preview@2x.png */,
				378C3A571EC899E400661396 /* camra_preview@3x.png */,
				378C3A581EC899E400661396 /* close_preview@2x.png */,
				378C3A591EC899E400661396 /* close_preview@3x.png */,
				378C3A5A1EC899E400661396 /* ios-29x29.png */,
			);
			path = images;
			sourceTree = "<group>";
		};
		378C3A691EC89F7900661396 /* UMSocial_Sdk_5.2.1 */ = {
			isa = PBXGroup;
			children = (
				378C3A6A1EC89F7900661396 /* UMSocialLocalizable.strings */,
				378C3A6C1EC89F7900661396 /* Header */,
				378C3A781EC89F7900661396 /* libUMSocial_Sdk_5.2.1.a */,
				378C3A791EC89F7900661396 /* SocialSDKXib */,
				378C3A821EC89F7900661396 /* UMSocialSDKResourcesNew.bundle */,
			);
			path = UMSocial_Sdk_5.2.1;
			sourceTree = "<group>";
		};
		378C3A6C1EC89F7900661396 /* Header */ = {
			isa = PBXGroup;
			children = (
				378C3A6D1EC89F7900661396 /* UMSocial.h */,
				378C3A6E1EC89F7900661396 /* UMSocialAccountManager.h */,
				378C3A6F1EC89F7900661396 /* UMSocialBar.h */,
				378C3A701EC89F7900661396 /* UMSocialConfig.h */,
				378C3A711EC89F7900661396 /* UMSocialControllerService.h */,
				378C3A721EC89F7900661396 /* UMSocialControllerServiceComment.h */,
				378C3A731EC89F7900661396 /* UMSocialData.h */,
				378C3A741EC89F7900661396 /* UMSocialDataService.h */,
				378C3A751EC89F7900661396 /* UMSocialSnsData.h */,
				378C3A761EC89F7900661396 /* UMSocialSnsPlatformManager.h */,
				378C3A771EC89F7900661396 /* UMSocialSnsService.h */,
			);
			path = Header;
			sourceTree = "<group>";
		};
		378C3A791EC89F7900661396 /* SocialSDKXib */ = {
			isa = PBXGroup;
			children = (
				378C3A7A1EC89F7900661396 /* UMSCommentDetailController.xib */,
				378C3A7B1EC89F7900661396 /* UMSCommentInputController.xib */,
				378C3A7C1EC89F7900661396 /* UMSCommentInputControlleriPad.xib */,
				378C3A7D1EC89F7900661396 /* UMShareEditViewController.xib */,
				378C3A7E1EC89F7900661396 /* UMShareEditViewControlleriPad.xib */,
				378C3A7F1EC89F7900661396 /* UMSLoginViewController.xib */,
				378C3A801EC89F7900661396 /* UMSnsAccountViewController.xib */,
				378C3A811EC89F7900661396 /* UMSShareListController.xib */,
			);
			path = SocialSDKXib;
			sourceTree = "<group>";
		};
		378C3A841EC89F7900661396 /* UMSocial_Sdk_Extra_Frameworks */ = {
			isa = PBXGroup;
			children = (
				378C3A851EC89F7900661396 /* SinaSSO */,
			);
			path = UMSocial_Sdk_Extra_Frameworks;
			sourceTree = "<group>";
		};
		378C3A851EC89F7900661396 /* SinaSSO */ = {
			isa = PBXGroup;
			children = (
				378C3A861EC89F7900661396 /* libSocialSinaSSO.a */,
				378C3A871EC89F7900661396 /* libWeiboSDK.a */,
				378C3A881EC89F7900661396 /* UMSocialSinaSSOHandler.h */,
				378C3A891EC89F7900661396 /* WBHttpRequest+WeiboGame.h */,
				378C3A8A1EC89F7900661396 /* WBHttpRequest+WeiboShare.h */,
				378C3A8B1EC89F7900661396 /* WBHttpRequest+WeiboToken.h */,
				378C3A8C1EC89F7900661396 /* WBHttpRequest+WeiboUser.h */,
				378C3A8D1EC89F7900661396 /* WBHttpRequest.h */,
				378C3A8E1EC89F7900661396 /* WBSDKBasicButton.h */,
				378C3A8F1EC89F7900661396 /* WBSDKCommentButton.h */,
				378C3A901EC89F7900661396 /* WBSDKRelationshipButton.h */,
				378C3A911EC89F7900661396 /* WeiboSDK+Statistics.h */,
				378C3A921EC89F7900661396 /* WeiboSDK.bundle */,
				378C3A931EC89F7900661396 /* WeiboSDK.h */,
				378C3A941EC89F7900661396 /* WeiboUser.h */,
			);
			path = SinaSSO;
			sourceTree = "<group>";
		};
		37C0E2891EC589EC0022BA30 = {
			isa = PBXGroup;
			children = (
				37C0E2941EC589EC0022BA30 /* LivingShow */,
				37C0E2931EC589EC0022BA30 /* Products */,
				53853A0A1D9DED60C07461CE /* Pods */,
				F85DBA8B4D79C148E803650D /* Frameworks */,
			);
			sourceTree = "<group>";
		};
		37C0E2931EC589EC0022BA30 /* Products */ = {
			isa = PBXGroup;
			children = (
				37C0E2921EC589EC0022BA30 /* LivingShow.app */,
			);
			name = Products;
			sourceTree = "<group>";
		};
		37C0E2941EC589EC0022BA30 /* LivingShow */ = {
			isa = PBXGroup;
			children = (
				37C0E2AC1EC58AB00022BA30 /* Class */,
				37C0E2951EC589EC0022BA30 /* Supporting Files */,
			);
			path = LivingShow;
			sourceTree = "<group>";
		};
		37C0E2951EC589EC0022BA30 /* Supporting Files */ = {
			isa = PBXGroup;
			children = (
				37C0E29E1EC589EC0022BA30 /* Main.storyboard */,
				37C0E2A11EC589EC0022BA30 /* Assets.xcassets */,
				37C0E2A31EC589EC0022BA30 /* LaunchScreen.storyboard */,
				37C0E2A61EC589EC0022BA30 /* Info.plist */,
				37C0E2961EC589EC0022BA30 /* main.m */,
			);
			name = "Supporting Files";
			sourceTree = "<group>";
		};
		37C0E2AC1EC58AB00022BA30 /* Class */ = {
			isa = PBXGroup;
			children = (
				37C0E2AD1EC58AB00022BA30 /* Base */,
				37C0E2AE1EC58AB00022BA30 /* Helper */,
				37C0E2B11EC58AB00022BA30 /* Lanuch */,
				37C0E2B61EC58AB00022BA30 /* Lib */,
				37C0E2B71EC58AB00022BA30 /* Live */,
				37C0E2BC1EC58AB00022BA30 /* Me */,
				37C0E2C11EC58AB00022BA30 /* NetWork */,
				37C0E2C71EC58AB00022BA30 /* Show */,
				37C0E2C21EC58AB00022BA30 /* Other */,
			);
			path = Class;
			sourceTree = "<group>";
		};
		37C0E2AD1EC58AB00022BA30 /* Base */ = {
			isa = PBXGroup;
			children = (
				37C0E2D01EC5937F0022BA30 /* LiveTabBarViewController.h */,
				37C0E2D11EC5937F0022BA30 /* LiveTabBarViewController.m */,
				37C0E2D31EC5938F0022BA30 /* LiveTabBar.h */,
				37C0E2D41EC5938F0022BA30 /* LiveTabBar.m */,
				37C0E2D61EC59A510022BA30 /* LiveBaseViewController.h */,
				37C0E2D71EC59A510022BA30 /* LiveBaseViewController.m */,
				37C0E2E31EC59BB50022BA30 /* LiveBaseNavViewController.h */,
				37C0E2E41EC59BB50022BA30 /* LiveBaseNavViewController.m */,
				370D9E231EC8208900FD9514 /* LiveBaseHandler.h */,
				370D9E241EC8208900FD9514 /* LiveBaseHandler.m */,
			);
			path = Base;
			sourceTree = "<group>";
		};
		37C0E2AE1EC58AB00022BA30 /* Helper */ = {
			isa = PBXGroup;
			children = (
				37C0E2AF1EC58AB00022BA30 /* Category */,
				37C0E2B01EC58AB00022BA30 /* Tools */,
			);
			path = Helper;
			sourceTree = "<group>";
		};
		37C0E2AF1EC58AB00022BA30 /* Category */ = {
			isa = PBXGroup;
			children = (
				378C3A241EC8667C00661396 /* NSString+CachePath.h */,
				378C3A251EC8667C00661396 /* NSString+CachePath.m */,
				378C3A261EC8667C00661396 /* UIColor+HEX.h */,
				378C3A271EC8667C00661396 /* UIColor+HEX.m */,
				37C0E2FD1EC6098A0022BA30 /* UIViewExt.h */,
				37C0E2FE1EC6098A0022BA30 /* UIViewExt.m */,
			);
			path = Category;
			sourceTree = "<group>";
		};
		37C0E2B01EC58AB00022BA30 /* Tools */ = {
			isa = PBXGroup;
			children = (
				378C3A331EC8672800661396 /* LiveLocationManager.h */,
				378C3A341EC8672800661396 /* LiveLocationManager.m */,
				378C3A2A1EC8669900661396 /* SXTCacheHelper.h */,
				378C3A2B1EC8669900661396 /* SXTCacheHelper.m */,
				378C3A2C1EC8669900661396 /* SXTUserHelper.h */,
				378C3A2D1EC8669900661396 /* SXTUserHelper.m */,
			);
			path = Tools;
			sourceTree = "<group>";
		};
		37C0E2B11EC58AB00022BA30 /* Lanuch */ = {
			isa = PBXGroup;
			children = (
				37C0E2B21EC58AB00022BA30 /* Handler */,
				37C0E2B31EC58AB00022BA30 /* Model */,
				37C0E2B41EC58AB00022BA30 /* View */,
				37C0E2B51EC58AB00022BA30 /* ViewController */,
			);
			path = Lanuch;
			sourceTree = "<group>";
		};
		37C0E2B21EC58AB00022BA30 /* Handler */ = {
			isa = PBXGroup;
			children = (
			);
			path = Handler;
			sourceTree = "<group>";
		};
		37C0E2B31EC58AB00022BA30 /* Model */ = {
			isa = PBXGroup;
			children = (
			);
			path = Model;
			sourceTree = "<group>";
		};
		37C0E2B41EC58AB00022BA30 /* View */ = {
			isa = PBXGroup;
			children = (
			);
			path = View;
			sourceTree = "<group>";
		};
		37C0E2B51EC58AB00022BA30 /* ViewController */ = {
			isa = PBXGroup;
			children = (
			);
			path = ViewController;
			sourceTree = "<group>";
		};
		37C0E2B61EC58AB00022BA30 /* Lib */ = {
			isa = PBXGroup;
			children = (
				378C3A691EC89F7900661396 /* UMSocial_Sdk_5.2.1 */,
				378C3A841EC89F7900661396 /* UMSocial_Sdk_Extra_Frameworks */,
			);
			path = Lib;
			sourceTree = "<group>";
		};
		37C0E2B71EC58AB00022BA30 /* Live */ = {
			isa = PBXGroup;
			children = (
				378C3A511EC899E400661396 /* images */,
				37C0E2B81EC58AB00022BA30 /* Handler */,
				37C0E2B91EC58AB00022BA30 /* Model */,
				37C0E2BA1EC58AB00022BA30 /* View */,
				37C0E2BB1EC58AB00022BA30 /* ViewController */,
			);
			path = Live;
			sourceTree = "<group>";
		};
		37C0E2B81EC58AB00022BA30 /* Handler */ = {
			isa = PBXGroup;
			children = (
			);
			path = Handler;
			sourceTree = "<group>";
		};
		37C0E2B91EC58AB00022BA30 /* Model */ = {
			isa = PBXGroup;
			children = (
			);
			path = Model;
			sourceTree = "<group>";
		};
		37C0E2BA1EC58AB00022BA30 /* View */ = {
			isa = PBXGroup;
			children = (
				378C3A4E1EC897E500661396 /* LFLivePreview.h */,
				378C3A4F1EC897E500661396 /* LFLivePreview.m */,
			);
			path = View;
			sourceTree = "<group>";
		};
		37C0E2BB1EC58AB00022BA30 /* ViewController */ = {
			isa = PBXGroup;
			children = (
				37C0E2E61EC5E90C0022BA30 /* LiveLaunchiewController.h */,
				37C0E2E71EC5E90C0022BA30 /* LiveLaunchiewController.m */,
				37C0E2E81EC5E90C0022BA30 /* LiveLaunchiewController.xib */,
			);
			path = ViewController;
			sourceTree = "<group>";
		};
		37C0E2BC1EC58AB00022BA30 /* Me */ = {
			isa = PBXGroup;
			children = (
				37C0E2BD1EC58AB00022BA30 /* Handler */,
				37C0E2BE1EC58AB00022BA30 /* Model */,
				37C0E2BF1EC58AB00022BA30 /* View */,
				37C0E2C01EC58AB00022BA30 /* ViewController */,
			);
			path = Me;
			sourceTree = "<group>";
		};
		37C0E2BD1EC58AB00022BA30 /* Handler */ = {
			isa = PBXGroup;
			children = (
			);
			path = Handler;
			sourceTree = "<group>";
		};
		37C0E2BE1EC58AB00022BA30 /* Model */ = {
			isa = PBXGroup;
			children = (
			);
			path = Model;
			sourceTree = "<group>";
		};
		37C0E2BF1EC58AB00022BA30 /* View */ = {
			isa = PBXGroup;
			children = (
			);
			path = View;
			sourceTree = "<group>";
		};
		37C0E2C01EC58AB00022BA30 /* ViewController */ = {
			isa = PBXGroup;
			children = (
				378C3A641EC89C4900661396 /* LiveloginViewController.h */,
				378C3A651EC89C4900661396 /* LiveloginViewController.m */,
				378C3A661EC89C4900661396 /* LiveloginViewController.xib */,
			);
			path = ViewController;
			sourceTree = "<group>";
		};
		37C0E2C11EC58AB00022BA30 /* NetWork */ = {
			isa = PBXGroup;
			children = (
				370D9E1D1EC81E8600FD9514 /* HttpTool.h */,
				370D9E1E1EC81E8600FD9514 /* HttpTool.m */,
				370D9E1F1EC81E8600FD9514 /* UIImageView+SDWebImage.h */,
				370D9E201EC81E8600FD9514 /* UIImageView+SDWebImage.m */,
				37C0E3011EC613680022BA30 /* APIConfig.h */,
			);
			path = NetWork;
			sourceTree = "<group>";
		};
		37C0E2C21EC58AB00022BA30 /* Other */ = {
			isa = PBXGroup;
			children = (
				37C0E2C31EC58AB00022BA30 /* AppDelegate.h */,
				37C0E2C41EC58AB00022BA30 /* AppDelegate.m */,
				37C0E2C51EC58AB00022BA30 /* ViewController.h */,
				37C0E2C61EC58AB00022BA30 /* ViewController.m */,
				37C0E2CE1EC58FA30022BA30 /* LivePCH.pch */,
				37C0E2CF1EC591610022BA30 /* LiveMacros.h */,
				378C3AA31EC89FB800661396 /* AppDelegate+SXTUMeung.h */,
				378C3AA41EC89FB800661396 /* AppDelegate+SXTUMeung.m */,
			);
			path = Other;
			sourceTree = "<group>";
		};
		37C0E2C71EC58AB00022BA30 /* Show */ = {
			isa = PBXGroup;
			children = (
				37C0E2C81EC58AB00022BA30 /* Handler */,
				37C0E2C91EC58AB00022BA30 /* Model */,
				37C0E2CA1EC58AB00022BA30 /* View */,
				37C0E2CB1EC58AB00022BA30 /* ViewController */,
			);
			path = Show;
			sourceTree = "<group>";
		};
		37C0E2C81EC58AB00022BA30 /* Handler */ = {
			isa = PBXGroup;
			children = (
				370D9E261EC8215C00FD9514 /* LiveLiveHandler.h */,
				370D9E271EC8215C00FD9514 /* LiveLiveHandler.m */,
			);
			path = Handler;
			sourceTree = "<group>";
		};
		37C0E2C91EC58AB00022BA30 /* Model */ = {
			isa = PBXGroup;
			children = (
				378C39F11EC8284400661396 /* LiveLiew.h */,
				378C39F21EC8284400661396 /* LiveLiew.m */,
				378C3A381EC872E300661396 /* LiveCreator.h */,
				378C3A391EC872E300661396 /* LiveCreator.m */,
				378C3A3B1EC8733400661396 /* SXTAdvertise.h */,
				378C3A3C1EC8733400661396 /* SXTAdvertise.m */,
				378C3A431EC87C0800661396 /* LiveAdvertisView.h */,
				378C3A441EC87C0800661396 /* LiveAdvertisView.m */,
				378C3A461EC87C1B00661396 /* LiveAdvertisView.xib */,
			);
			path = Model;
			sourceTree = "<group>";
		};
		37C0E2CA1EC58AB00022BA30 /* View */ = {
			isa = PBXGroup;
			children = (
				37C0E2FA1EC5FC5A0022BA30 /* LiveMainTopView.h */,
				37C0E2FB1EC5FC5A0022BA30 /* LiveMainTopView.m */,
				378C3A3E1EC8743D00661396 /* LiveNearCollectionViewCell.h */,
				378C3A3F1EC8743D00661396 /* LiveNearCollectionViewCell.m */,
				378C3A401EC8743D00661396 /* LiveNearCollectionViewCell.xib */,
			);
			path = View;
			sourceTree = "<group>";
		};
		37C0E2CB1EC58AB00022BA30 /* ViewController */ = {
			isa = PBXGroup;
			children = (
				37C0E2D91EC59A790022BA30 /* LiveMainViewController.h */,
				37C0E2DA1EC59A790022BA30 /* LiveMainViewController.m */,
				37C0E2DB1EC59A790022BA30 /* LiveMainViewController.xib */,
				37C0E2DE1EC59A980022BA30 /* LiveMeViewController.h */,
				37C0E2DF1EC59A980022BA30 /* LiveMeViewController.m */,
				37C0E2E01EC59A980022BA30 /* LiveMeViewController.xib */,
				37C0E2EB1EC5F18C0022BA30 /* LiveFocusViewController.h */,
				37C0E2EC1EC5F18C0022BA30 /* LiveFocusViewController.m */,
				37C0E2ED1EC5F18C0022BA30 /* LiveFocusViewController.xib */,
				37C0E2F01EC5F19E0022BA30 /* LiveHotViewController.h */,
				37C0E2F11EC5F19E0022BA30 /* LiveHotViewController.m */,
				37C0E2F21EC5F19E0022BA30 /* LiveHotViewController.xib */,
				37C0E2F51EC5F1C50022BA30 /* LiveNearViewController.h */,
				37C0E2F61EC5F1C50022BA30 /* LiveNearViewController.m */,
				37C0E2F71EC5F1C50022BA30 /* LiveNearViewController.xib */,
				378C3A111EC845D200661396 /* LivePlayerViewController.h */,
				378C3A121EC845D200661396 /* LivePlayerViewController.m */,
				378C3A1F1EC85AD400661396 /* LiveLiveChatViewController.h */,
				378C3A201EC85AD400661396 /* LiveLiveChatViewController.m */,
				378C3A211EC85AD400661396 /* LiveLiveChatViewController.xib */,
			);
			path = ViewController;
			sourceTree = "<group>";
		};
		53853A0A1D9DED60C07461CE /* Pods */ = {
			isa = PBXGroup;
			children = (
				F700ACACC814E8EDA0F3C6A6 /* Pods-LivingShow.debug.xcconfig */,
				69E6499B570C769C9447AA46 /* Pods-LivingShow.release.xcconfig */,
			);
			name = Pods;
			sourceTree = "<group>";
		};
		F85DBA8B4D79C148E803650D /* Frameworks */ = {
			isa = PBXGroup;
			children = (
				378C3A361EC867A200661396 /* CoreLocation.framework */,
				378C3A1D1EC8508E00661396 /* IJKMediaFramework.framework */,
				378C3A0F1EC8450200661396 /* VideoToolbox.framework */,
				378C3A0D1EC844F800661396 /* UIKit.framework */,
				378C3A0B1EC844F000661396 /* QuartzCore.framework */,
				378C3A091EC844E800661396 /* OpenGLES.framework */,
				378C3A071EC844E000661396 /* MobileCoreServices.framework */,
				378C3A051EC844CB00661396 /* MediaPlayer.framework */,
				378C3A031EC844BF00661396 /* libz.tbd */,
				378C3A011EC844B800661396 /* libbz2.tbd */,
				378C39FF1EC844AD00661396 /* CoreVideo.framework */,
				378C39FD1EC844A600661396 /* CoreMedia.framework */,
				378C39FB1EC8449D00661396 /* CoreGraphics.framework */,
				378C39F91EC8449100661396 /* AudioToolbox.framework */,
				378C39F71EC843FD00661396 /* AVFoundation.framework */,
				822C6F13060F9E98F1D0610B /* libPods-LivingShow.a */,
			);
			name = Frameworks;
			sourceTree = "<group>";
		};
/* End PBXGroup section */

/* Begin PBXNativeTarget section */
		37C0E2911EC589EC0022BA30 /* LivingShow */ = {
			isa = PBXNativeTarget;
			buildConfigurationList = 37C0E2A91EC589EC0022BA30 /* Build configuration list for PBXNativeTarget "LivingShow" */;
			buildPhases = (
				4CA14990B5B6E8BE946B03FD /* [CP] Check Pods Manifest.lock */,
				37C0E28E1EC589EC0022BA30 /* Sources */,
				37C0E28F1EC589EC0022BA30 /* Frameworks */,
				37C0E2901EC589EC0022BA30 /* Resources */,
				5C6363E5854B8FF4F3F6467A /* [CP] Embed Pods Frameworks */,
				863F51C2EB81A9F8C7990E2E /* [CP] Copy Pods Resources */,
			);
			buildRules = (
			);
			dependencies = (
			);
			name = LivingShow;
			productName = LivingShow;
			productReference = 37C0E2921EC589EC0022BA30 /* LivingShow.app */;
			productType = "com.apple.product-type.application";
		};
/* End PBXNativeTarget section */

/* Begin PBXProject section */
		37C0E28A1EC589EC0022BA30 /* Project object */ = {
			isa = PBXProject;
			attributes = {
				CLASSPREFIX = Live;
				LastUpgradeCheck = 0820;
				ORGANIZATIONNAME = "田彬彬";
				TargetAttributes = {
					37C0E2911EC589EC0022BA30 = {
						CreatedOnToolsVersion = 8.2.1;
						ProvisioningStyle = Automatic;
					};
				};
			};
			buildConfigurationList = 37C0E28D1EC589EC0022BA30 /* Build configuration list for PBXProject "LivingShow" */;
			compatibilityVersion = "Xcode 3.2";
			developmentRegion = English;
			hasScannedForEncodings = 0;
			knownRegions = (
				en,
				Base,
				"zh-Hans",
			);
			mainGroup = 37C0E2891EC589EC0022BA30;
			productRefGroup = 37C0E2931EC589EC0022BA30 /* Products */;
			projectDirPath = "";
			projectRoot = "";
			targets = (
				37C0E2911EC589EC0022BA30 /* LivingShow */,
			);
		};
/* End PBXProject section */

/* Begin PBXResourcesBuildPhase section */
		37C0E2901EC589EC0022BA30 /* Resources */ = {
			isa = PBXResourcesBuildPhase;
			buildActionMask = 2147483647;
			files = (
				378C3A5D1EC899E400661396 /* camra_beauty_close@2x.png in Resources */,
				378C3A621EC899E400661396 /* close_preview@3x.png in Resources */,
				378C3A5C1EC899E400661396 /* camra_beauty@3x.png in Resources */,
				37C0E2E21EC59A980022BA30 /* LiveMeViewController.xib in Resources */,
				378C3A9C1EC89F7900661396 /* UMSLoginViewController.xib in Resources */,
				378C3A681EC89C4900661396 /* LiveloginViewController.xib in Resources */,
				378C3A9A1EC89F7900661396 /* UMShareEditViewController.xib in Resources */,
				378C3A9B1EC89F7900661396 /* UMShareEditViewControlleriPad.xib in Resources */,
				378C3AA21EC89F7900661396 /* WeiboSDK.bundle in Resources */,
				37C0E2A51EC589EC0022BA30 /* LaunchScreen.storyboard in Resources */,
				378C3A971EC89F7900661396 /* UMSCommentDetailController.xib in Resources */,
				378C3A9F1EC89F7900661396 /* UMSocialSDKResourcesNew.bundle in Resources */,
				378C3A9E1EC89F7900661396 /* UMSShareListController.xib in Resources */,
				37C0E2A21EC589EC0022BA30 /* Assets.xcassets in Resources */,
				378C3A5F1EC899E400661396 /* camra_preview@2x.png in Resources */,
				378C3A421EC8743D00661396 /* LiveNearCollectionViewCell.xib in Resources */,
				37C0E2A01EC589EC0022BA30 /* Main.storyboard in Resources */,
				378C3A631EC899E400661396 /* ios-29x29.png in Resources */,
				378C3A951EC89F7900661396 /* UMSocialLocalizable.strings in Resources */,
				378C3A231EC85AD400661396 /* LiveLiveChatViewController.xib in Resources */,
				37C0E2F41EC5F19E0022BA30 /* LiveHotViewController.xib in Resources */,
				378C3A5E1EC899E400661396 /* camra_beauty_close@3x.png in Resources */,
				37C0E2EA1EC5E90C0022BA30 /* LiveLaunchiewController.xib in Resources */,
				37C0E2F91EC5F1C50022BA30 /* LiveNearViewController.xib in Resources */,
				378C3A601EC899E400661396 /* camra_preview@3x.png in Resources */,
				378C3A5B1EC899E400661396 /* camra_beauty@2x.png in Resources */,
				37C0E2EF1EC5F18C0022BA30 /* LiveFocusViewController.xib in Resources */,
				378C3A471EC87C1B00661396 /* LiveAdvertisView.xib in Resources */,
				378C3A9D1EC89F7900661396 /* UMSnsAccountViewController.xib in Resources */,
				37C0E2DD1EC59A790022BA30 /* LiveMainViewController.xib in Resources */,
				378C3A981EC89F7900661396 /* UMSCommentInputController.xib in Resources */,
				378C3A991EC89F7900661396 /* UMSCommentInputControlleriPad.xib in Resources */,
				378C3A611EC899E400661396 /* close_preview@2x.png in Resources */,
			);
			runOnlyForDeploymentPostprocessing = 0;
		};
/* End PBXResourcesBuildPhase section */

/* Begin PBXShellScriptBuildPhase section */
		4CA14990B5B6E8BE946B03FD /* [CP] Check Pods Manifest.lock */ = {
			isa = PBXShellScriptBuildPhase;
			buildActionMask = 2147483647;
			files = (
			);
			inputPaths = (
			);
			name = "[CP] Check Pods Manifest.lock";
			outputPaths = (
			);
			runOnlyForDeploymentPostprocessing = 0;
			shellPath = /bin/sh;
			shellScript = "diff \"${PODS_PODFILE_DIR_PATH}/Podfile.lock\" \"${PODS_ROOT}/Manifest.lock\" > /dev/null\nif [ $? != 0 ] ; then\n    # print error to STDERR\n    echo \"error: The sandbox is not in sync with the Podfile.lock. Run 'pod install' or update your CocoaPods installation.\" >&2\n    exit 1\nfi\n";
			showEnvVarsInLog = 0;
		};
		5C6363E5854B8FF4F3F6467A /* [CP] Embed Pods Frameworks */ = {
			isa = PBXShellScriptBuildPhase;
			buildActionMask = 2147483647;
			files = (
			);
			inputPaths = (
			);
			name = "[CP] Embed Pods Frameworks";
			outputPaths = (
			);
			runOnlyForDeploymentPostprocessing = 0;
			shellPath = /bin/sh;
			shellScript = "\"${SRCROOT}/Pods/Target Support Files/Pods-LivingShow/Pods-LivingShow-frameworks.sh\"\n";
			showEnvVarsInLog = 0;
		};
		863F51C2EB81A9F8C7990E2E /* [CP] Copy Pods Resources */ = {
			isa = PBXShellScriptBuildPhase;
			buildActionMask = 2147483647;
			files = (
			);
			inputPaths = (
			);
			name = "[CP] Copy Pods Resources";
			outputPaths = (
			);
			runOnlyForDeploymentPostprocessing = 0;
			shellPath = /bin/sh;
			shellScript = "\"${SRCROOT}/Pods/Target Support Files/Pods-LivingShow/Pods-LivingShow-resources.sh\"\n";
			showEnvVarsInLog = 0;
		};
/* End PBXShellScriptBuildPhase section */

/* Begin PBXSourcesBuildPhase section */
		37C0E28E1EC589EC0022BA30 /* Sources */ = {
			isa = PBXSourcesBuildPhase;
			buildActionMask = 2147483647;
			files = (
				37C0E2F81EC5F1C50022BA30 /* LiveNearViewController.m in Sources */,
				37C0E2D21EC5937F0022BA30 /* LiveTabBarViewController.m in Sources */,
				378C3A411EC8743D00661396 /* LiveNearCollectionViewCell.m in Sources */,
				37C0E2DC1EC59A790022BA30 /* LiveMainViewController.m in Sources */,
				370D9E211EC81E8600FD9514 /* HttpTool.m in Sources */,
				37C0E2E11EC59A980022BA30 /* LiveMeViewController.m in Sources */,
				370D9E251EC8208900FD9514 /* LiveBaseHandler.m in Sources */,
				378C3A451EC87C0800661396 /* LiveAdvertisView.m in Sources */,
				37C0E2EE1EC5F18C0022BA30 /* LiveFocusViewController.m in Sources */,
				378C3A2E1EC8669900661396 /* SXTCacheHelper.m in Sources */,
				378C3A3A1EC872E300661396 /* LiveCreator.m in Sources */,
				378C3A131EC845D200661396 /* LivePlayerViewController.m in Sources */,
				37C0E2F31EC5F19E0022BA30 /* LiveHotViewController.m in Sources */,
				37C0E2D81EC59A510022BA30 /* LiveBaseViewController.m in Sources */,
				378C3A501EC897E500661396 /* LFLivePreview.m in Sources */,
				37C0E2FF1EC6098A0022BA30 /* UIViewExt.m in Sources */,
				37C0E2CD1EC58AB00022BA30 /* ViewController.m in Sources */,
				378C3AA51EC89FB800661396 /* AppDelegate+SXTUMeung.m in Sources */,
				37C0E2CC1EC58AB00022BA30 /* AppDelegate.m in Sources */,
				378C3A3D1EC8733400661396 /* SXTAdvertise.m in Sources */,
				378C3A291EC8667C00661396 /* UIColor+HEX.m in Sources */,
				370D9E221EC81E8600FD9514 /* UIImageView+SDWebImage.m in Sources */,
				37C0E2E91EC5E90C0022BA30 /* LiveLaunchiewController.m in Sources */,
				378C3A281EC8667C00661396 /* NSString+CachePath.m in Sources */,
				37C0E2971EC589EC0022BA30 /* main.m in Sources */,
				378C3A351EC8672800661396 /* LiveLocationManager.m in Sources */,
				37C0E2FC1EC5FC5A0022BA30 /* LiveMainTopView.m in Sources */,
				37C0E2E51EC59BB50022BA30 /* LiveBaseNavViewController.m in Sources */,
				37C0E2D51EC5938F0022BA30 /* LiveTabBar.m in Sources */,
				378C3A2F1EC8669900661396 /* SXTUserHelper.m in Sources */,
				378C39F31EC8284400661396 /* LiveLiew.m in Sources */,
				378C3A671EC89C4900661396 /* LiveloginViewController.m in Sources */,
				378C3A221EC85AD400661396 /* LiveLiveChatViewController.m in Sources */,
				370D9E281EC8215C00FD9514 /* LiveLiveHandler.m in Sources */,
			);
			runOnlyForDeploymentPostprocessing = 0;
		};
/* End PBXSourcesBuildPhase section */

/* Begin PBXVariantGroup section */
		378C3A6A1EC89F7900661396 /* UMSocialLocalizable.strings */ = {
			isa = PBXVariantGroup;
			children = (
				378C3A6B1EC89F7900661396 /* en */,
				378C3A831EC89F7900661396 /* zh-Hans */,
			);
			name = UMSocialLocalizable.strings;
			sourceTree = "<group>";
		};
		37C0E29E1EC589EC0022BA30 /* Main.storyboard */ = {
			isa = PBXVariantGroup;
			children = (
				37C0E29F1EC589EC0022BA30 /* Base */,
			);
			name = Main.storyboard;
			sourceTree = "<group>";
		};
		37C0E2A31EC589EC0022BA30 /* LaunchScreen.storyboard */ = {
			isa = PBXVariantGroup;
			children = (
				37C0E2A41EC589EC0022BA30 /* Base */,
			);
			name = LaunchScreen.storyboard;
			sourceTree = "<group>";
		};
/* End PBXVariantGroup section */

/* Begin XCBuildConfiguration section */
		37C0E2A71EC589EC0022BA30 /* Debug */ = {
			isa = XCBuildConfiguration;
			buildSettings = {
				ALWAYS_SEARCH_USER_PATHS = NO;
				CLANG_ANALYZER_NONNULL = YES;
				CLANG_CXX_LANGUAGE_STANDARD = "gnu++0x";
				CLANG_CXX_LIBRARY = "libc++";
				CLANG_ENABLE_MODULES = YES;
				CLANG_ENABLE_OBJC_ARC = YES;
				CLANG_WARN_BOOL_CONVERSION = YES;
				CLANG_WARN_CONSTANT_CONVERSION = YES;
				CLANG_WARN_DIRECT_OBJC_ISA_USAGE = YES_ERROR;
				CLANG_WARN_DOCUMENTATION_COMMENTS = YES;
				CLANG_WARN_EMPTY_BODY = YES;
				CLANG_WARN_ENUM_CONVERSION = YES;
				CLANG_WARN_INFINITE_RECURSION = YES;
				CLANG_WARN_INT_CONVERSION = YES;
				CLANG_WARN_OBJC_ROOT_CLASS = YES_ERROR;
				CLANG_WARN_SUSPICIOUS_MOVE = YES;
				CLANG_WARN_UNREACHABLE_CODE = YES;
				CLANG_WARN__DUPLICATE_METHOD_MATCH = YES;
				"CODE_SIGN_IDENTITY[sdk=iphoneos*]" = "iPhone Developer";
				COPY_PHASE_STRIP = NO;
				DEBUG_INFORMATION_FORMAT = dwarf;
				ENABLE_STRICT_OBJC_MSGSEND = YES;
				ENABLE_TESTABILITY = YES;
				GCC_C_LANGUAGE_STANDARD = gnu99;
				GCC_DYNAMIC_NO_PIC = NO;
				GCC_NO_COMMON_BLOCKS = YES;
				GCC_OPTIMIZATION_LEVEL = 0;
				GCC_PREPROCESSOR_DEFINITIONS = (
					"DEBUG=1",
					"$(inherited)",
				);
				GCC_WARN_64_TO_32_BIT_CONVERSION = YES;
				GCC_WARN_ABOUT_RETURN_TYPE = YES_ERROR;
				GCC_WARN_UNDECLARED_SELECTOR = YES;
				GCC_WARN_UNINITIALIZED_AUTOS = YES_AGGRESSIVE;
				GCC_WARN_UNUSED_FUNCTION = YES;
				GCC_WARN_UNUSED_VARIABLE = YES;
				IPHONEOS_DEPLOYMENT_TARGET = 10.2;
				MTL_ENABLE_DEBUG_INFO = YES;
				ONLY_ACTIVE_ARCH = YES;
				SDKROOT = iphoneos;
			};
			name = Debug;
		};
		37C0E2A81EC589EC0022BA30 /* Release */ = {
			isa = XCBuildConfiguration;
			buildSettings = {
				ALWAYS_SEARCH_USER_PATHS = NO;
				CLANG_ANALYZER_NONNULL = YES;
				CLANG_CXX_LANGUAGE_STANDARD = "gnu++0x";
				CLANG_CXX_LIBRARY = "libc++";
				CLANG_ENABLE_MODULES = YES;
				CLANG_ENABLE_OBJC_ARC = YES;
				CLANG_WARN_BOOL_CONVERSION = YES;
				CLANG_WARN_CONSTANT_CONVERSION = YES;
				CLANG_WARN_DIRECT_OBJC_ISA_USAGE = YES_ERROR;
				CLANG_WARN_DOCUMENTATION_COMMENTS = YES;
				CLANG_WARN_EMPTY_BODY = YES;
				CLANG_WARN_ENUM_CONVERSION = YES;
				CLANG_WARN_INFINITE_RECURSION = YES;
				CLANG_WARN_INT_CONVERSION = YES;
				CLANG_WARN_OBJC_ROOT_CLASS = YES_ERROR;
				CLANG_WARN_SUSPICIOUS_MOVE = YES;
				CLANG_WARN_UNREACHABLE_CODE = YES;
				CLANG_WARN__DUPLICATE_METHOD_MATCH = YES;
				"CODE_SIGN_IDENTITY[sdk=iphoneos*]" = "iPhone Developer";
				COPY_PHASE_STRIP = NO;
				DEBUG_INFORMATION_FORMAT = "dwarf-with-dsym";
				ENABLE_NS_ASSERTIONS = NO;
				ENABLE_STRICT_OBJC_MSGSEND = YES;
				GCC_C_LANGUAGE_STANDARD = gnu99;
				GCC_NO_COMMON_BLOCKS = YES;
				GCC_WARN_64_TO_32_BIT_CONVERSION = YES;
				GCC_WARN_ABOUT_RETURN_TYPE = YES_ERROR;
				GCC_WARN_UNDECLARED_SELECTOR = YES;
				GCC_WARN_UNINITIALIZED_AUTOS = YES_AGGRESSIVE;
				GCC_WARN_UNUSED_FUNCTION = YES;
				GCC_WARN_UNUSED_VARIABLE = YES;
				IPHONEOS_DEPLOYMENT_TARGET = 10.2;
				MTL_ENABLE_DEBUG_INFO = NO;
				SDKROOT = iphoneos;
				VALIDATE_PRODUCT = YES;
			};
			name = Release;
		};
		37C0E2AA1EC589EC0022BA30 /* Debug */ = {
			isa = XCBuildConfiguration;
			baseConfigurationReference = F700ACACC814E8EDA0F3C6A6 /* Pods-LivingShow.debug.xcconfig */;
			buildSettings = {
				ASSETCATALOG_COMPILER_APPICON_NAME = AppIcon;
				ASSETCATALOG_COMPILER_LAUNCHIMAGE_NAME = LaunchImage;
				FRAMEWORK_SEARCH_PATHS = (
					"$(inherited)",
					"$(PROJECT_DIR)/LivingShow/Class/Lib",
					"$(PROJECT_DIR)",
				);
				GCC_PREFIX_HEADER = "$(SRCROOT)/LivingShow/Class/Other/LivePCH.pch";
				INFOPLIST_FILE = LivingShow/Info.plist;
				LD_RUNPATH_SEARCH_PATHS = "$(inherited) @executable_path/Frameworks";
				LIBRARY_SEARCH_PATHS = (
					"$(inherited)",
					"$(PROJECT_DIR)/LivingShow/Class/Lib/UMSocial_Sdk_5.2.1",
					"$(PROJECT_DIR)/LivingShow/Class/Lib/UMSocial_Sdk_Extra_Frameworks/SinaSSO",
				);
				PRODUCT_BUNDLE_IDENTIFIER = com.kkeye.cn.LivingShow;
				PRODUCT_NAME = "$(TARGET_NAME)";
			};
			name = Debug;
		};
		37C0E2AB1EC589EC0022BA30 /* Release */ = {
			isa = XCBuildConfiguration;
			baseConfigurationReference = 69E6499B570C769C9447AA46 /* Pods-LivingShow.release.xcconfig */;
			buildSettings = {
				ASSETCATALOG_COMPILER_APPICON_NAME = AppIcon;
				ASSETCATALOG_COMPILER_LAUNCHIMAGE_NAME = LaunchImage;
				FRAMEWORK_SEARCH_PATHS = (
					"$(inherited)",
					"$(PROJECT_DIR)/LivingShow/Class/Lib",
					"$(PROJECT_DIR)",
				);
				GCC_PREFIX_HEADER = "$(SRCROOT)/LivingShow/Class/Other/LivePCH.pch";
				INFOPLIST_FILE = LivingShow/Info.plist;
				LD_RUNPATH_SEARCH_PATHS = "$(inherited) @executable_path/Frameworks";
				LIBRARY_SEARCH_PATHS = (
					"$(inherited)",
					"$(PROJECT_DIR)/LivingShow/Class/Lib/UMSocial_Sdk_5.2.1",
					"$(PROJECT_DIR)/LivingShow/Class/Lib/UMSocial_Sdk_Extra_Frameworks/SinaSSO",
				);
				PRODUCT_BUNDLE_IDENTIFIER = com.kkeye.cn.LivingShow;
				PRODUCT_NAME = "$(TARGET_NAME)";
			};
			name = Release;
		};
/* End XCBuildConfiguration section */

/* Begin XCConfigurationList section */
		37C0E28D1EC589EC0022BA30 /* Build configuration list for PBXProject "LivingShow" */ = {
			isa = XCConfigurationList;
			buildConfigurations = (
				37C0E2A71EC589EC0022BA30 /* Debug */,
				37C0E2A81EC589EC0022BA30 /* Release */,
			);
			defaultConfigurationIsVisible = 0;
			defaultConfigurationName = Release;
		};
		37C0E2A91EC589EC0022BA30 /* Build configuration list for PBXNativeTarget "LivingShow" */ = {
			isa = XCConfigurationList;
			buildConfigurations = (
				37C0E2AA1EC589EC0022BA30 /* Debug */,
				37C0E2AB1EC589EC0022BA30 /* Release */,
			);
			defaultConfigurationIsVisible = 0;
			defaultConfigurationName = Release;
		};
/* End XCConfigurationList section */
	};
	rootObject = 37C0E28A1EC589EC0022BA30 /* Project object */;
}
